
Microsoft Visual Studio Solution File, Format Version 12.00
# Visual Studio Version 17
VisualStudioVersion = 17.0.31903.59
MinimumVisualStudioVersion = 10.0.40219.1
Project("{FAE04EC0-301F-11D3-BF4B-00C04F79EFBC}") = "RestServer", "RestServer\RestServer.csproj", "{07DDE946-BB8E-4A85-A8C5-65A1391A009A}"
EndProject
Project("{FAE04EC0-301F-11D3-BF4B-00C04F79EFBC}") = "RestServer.Test", "RestServer.Test\RestServer.Test.csproj", "{D609BE64-2ED8-4F1B-978A-3DCF81319B99}"
EndProject
Project("{FAE04EC0-301F-11D3-BF4B-00C04F79EFBC}") = "TcpServer", "TcpServer\TcpServer.csproj", "{1976FEB3-0F8A-4E30-A5F1-A65F8D3E5A5B}"
EndProject
Project("{FAE04EC0-301F-11D3-BF4B-00C04F79EFBC}") = "TcpServer.Test", "TcpServer.Test\TcpServer.Test.csproj", "{406EBCE7-0844-4836-A969-0621AD9B9CB3}"
EndProject
Global
	GlobalSection(SolutionConfigurationPlatforms) = preSolution
		Debug|Any CPU = Debug|Any CPU
		Release|Any CPU = Release|Any CPU
	EndGlobalSection
	GlobalSection(SolutionProperties) = preSolution
		HideSolutionNode = FALSE
	EndGlobalSection
	GlobalSection(ProjectConfigurationPlatforms) = postSolution
		{07DDE946-BB8E-4A85-A8C5-65A1391A009A}.Debug|Any CPU.ActiveCfg = Debug|Any CPU
		{07DDE946-BB8E-4A85-A8C5-65A1391A009A}.Debug|Any CPU.Build.0 = Debug|Any CPU
		{07DDE946-BB8E-4A85-A8C5-65A1391A009A}.Release|Any CPU.ActiveCfg = Release|Any CPU
		{07DDE946-BB8E-4A85-A8C5-65A1391A009A}.Release|Any CPU.Build.0 = Release|Any CPU
		{D609BE64-2ED8-4F1B-978A-3DCF81319B99}.Debug|Any CPU.ActiveCfg = Debug|Any CPU
		{D609BE64-2ED8-4F1B-978A-3DCF81319B99}.Debug|Any CPU.Build.0 = Debug|Any CPU
		{D609BE64-2ED8-4F1B-978A-3DCF81319B99}.Release|Any CPU.ActiveCfg = Release|Any CPU
		{D609BE64-2ED8-4F1B-978A-3DCF81319B99}.Release|Any CPU.Build.0 = Release|Any CPU
		{1976FEB3-0F8A-4E30-A5F1-A65F8D3E5A5B}.Debug|Any CPU.ActiveCfg = Debug|Any CPU
		{1976FEB3-0F8A-4E30-A5F1-A65F8D3E5A5B}.Debug|Any CPU.Build.0 = Debug|Any CPU
		{1976FEB3-0F8A-4E30-A5F1-A65F8D3E5A5B}.Release|Any CPU.ActiveCfg = Release|Any CPU
		{1976FEB3-0F8A-4E30-A5F1-A65F8D3E5A5B}.Release|Any CPU.Build.0 = Release|Any CPU
		{406EBCE7-0844-4836-A969-0621AD9B9CB3}.Debug|Any CPU.ActiveCfg = Debug|Any CPU
		{406EBCE7-0844-4836-A969-0621AD9B9CB3}.Debug|Any CPU.Build.0 = Debug|Any CPU
		{406EBCE7-0844-4836-A969-0621AD9B9CB3}.Release|Any CPU.ActiveCfg = Release|Any CPU
		{406EBCE7-0844-4836-A969-0621AD9B9CB3}.Release|Any CPU.Build.0 = Release|Any CPU
	EndGlobalSection
EndGlobal
