
Microsoft Visual Studio Solution File, Format Version 12.00
# Visual Studio Version 17
VisualStudioVersion = 17.5.002.0
MinimumVisualStudioVersion = 10.0.40219.1
Project("{9A19103F-16F7-4668-BE54-9A1E7A4F7556}") = "RestServer", "RestServer\RestServer.csproj", "{3B0AF284-63CB-4940-905D-9D4F118DE6FE}"
EndProject
Project("{9A19103F-16F7-4668-BE54-9A1E7A4F7556}") = "TcpServer", "TcpServer\TcpServer.csproj", "{A48C2B0B-0C91-4C3A-A150-35C98486EA82}"
EndProject
Project("{9A19103F-16F7-4668-BE54-9A1E7A4F7556}") = "TcpServer.Test", "TcpServer.Test\TcpServer.Test.csproj", "{A5227C42-CA12-4A28-9E3B-91D8ACBA8A3B}"
EndProject
Project("{9A19103F-16F7-4668-BE54-9A1E7A4F7556}") = "RestServer.Test", "RestServer.Test\RestServer.Test.csproj", "{8ECC0ADF-FA21-454F-9F36-F09B5E076CE0}"
EndProject
Global
	GlobalSection(SolutionConfigurationPlatforms) = preSolution
		Debug|Any CPU = Debug|Any CPU
		Release|Any CPU = Release|Any CPU
	EndGlobalSection
	GlobalSection(ProjectConfigurationPlatforms) = postSolution
		{3B0AF284-63CB-4940-905D-9D4F118DE6FE}.Debug|Any CPU.ActiveCfg = Debug|Any CPU
		{3B0AF284-63CB-4940-905D-9D4F118DE6FE}.Debug|Any CPU.Build.0 = Debug|Any CPU
		{3B0AF284-63CB-4940-905D-9D4F118DE6FE}.Release|Any CPU.ActiveCfg = Release|Any CPU
		{3B0AF284-63CB-4940-905D-9D4F118DE6FE}.Release|Any CPU.Build.0 = Release|Any CPU
		{A48C2B0B-0C91-4C3A-A150-35C98486EA82}.Debug|Any CPU.ActiveCfg = Debug|Any CPU
		{A48C2B0B-0C91-4C3A-A150-35C98486EA82}.Debug|Any CPU.Build.0 = Debug|Any CPU
		{A48C2B0B-0C91-4C3A-A150-35C98486EA82}.Release|Any CPU.ActiveCfg = Release|Any CPU
		{A48C2B0B-0C91-4C3A-A150-35C98486EA82}.Release|Any CPU.Build.0 = Release|Any CPU
		{A5227C42-CA12-4A28-9E3B-91D8ACBA8A3B}.Debug|Any CPU.ActiveCfg = Debug|Any CPU
		{A5227C42-CA12-4A28-9E3B-91D8ACBA8A3B}.Debug|Any CPU.Build.0 = Debug|Any CPU
		{A5227C42-CA12-4A28-9E3B-91D8ACBA8A3B}.Release|Any CPU.ActiveCfg = Release|Any CPU
		{A5227C42-CA12-4A28-9E3B-91D8ACBA8A3B}.Release|Any CPU.Build.0 = Release|Any CPU
		{8ECC0ADF-FA21-454F-9F36-F09B5E076CE0}.Debug|Any CPU.ActiveCfg = Debug|Any CPU
		{8ECC0ADF-FA21-454F-9F36-F09B5E076CE0}.Debug|Any CPU.Build.0 = Debug|Any CPU
		{8ECC0ADF-FA21-454F-9F36-F09B5E076CE0}.Release|Any CPU.ActiveCfg = Release|Any CPU
		{8ECC0ADF-FA21-454F-9F36-F09B5E076CE0}.Release|Any CPU.Build.0 = Release|Any CPU
	EndGlobalSection
	GlobalSection(SolutionProperties) = preSolution
		HideSolutionNode = FALSE
	EndGlobalSection
	GlobalSection(NestedProjects) = preSolution
		{3B0AF284-63CB-4940-905D-9D4F118DE6FE} = {9BD04F54-6A2D-46DB-8606-BE43D5942F66}
		{A48C2B0B-0C91-4C3A-A150-35C98486EA82} = {9BD04F54-6A2D-46DB-8606-BE43D5942F66}
		{A5227C42-CA12-4A28-9E3B-91D8ACBA8A3B} = {9BD04F54-6A2D-46DB-8606-BE43D5942F66}
		{8ECC0ADF-FA21-454F-9F36-F09B5E076CE0} = {9BD04F54-6A2D-46DB-8606-BE43D5942F66}
	EndGlobalSection
	GlobalSection(ExtensibilityGlobals) = postSolution
		SolutionGuid = {507BFEB5-0A3B-45A7-953B-D28579DE67EE}
	EndGlobalSection
EndGlobal
